
Microsoft Visual Studio Solution File, Format Version 12.00
# Visual Studio Version 17
VisualStudioVersion = 17.2.32516.85
MinimumVisualStudioVersion = 10.0.40219.1
Project("{FAE04EC0-301F-11D3-BF4B-00C04F79EFBC}") = "ejercicio2", "ejercicio2\ejercicio2.csproj", "{55B2366D-FF77-4157-A6F1-1D8936D3B479}"
EndProject
Global
	GlobalSection(SolutionConfigurationPlatforms) = preSolution
		Debug|Any CPU = Debug|Any CPU
		Release|Any CPU = Release|Any CPU
	EndGlobalSection
	GlobalSection(ProjectConfigurationPlatforms) = postSolution
		{55B2366D-FF77-4157-A6F1-1D8936D3B479}.Debug|Any CPU.ActiveCfg = Debug|Any CPU
		{55B2366D-FF77-4157-A6F1-1D8936D3B479}.Debug|Any CPU.Build.0 = Debug|Any CPU
		{55B2366D-FF77-4157-A6F1-1D8936D3B479}.Release|Any CPU.ActiveCfg = Release|Any CPU
		{55B2366D-FF77-4157-A6F1-1D8936D3B479}.Release|Any CPU.Build.0 = Release|Any CPU
	EndGlobalSection
	GlobalSection(SolutionProperties) = preSolution
		HideSolutionNode = FALSE
	EndGlobalSection
	GlobalSection(ExtensibilityGlobals) = postSolution
		SolutionGuid = {72D4600F-AD5C-4778-8E08-F20A653DB1C2}
	EndGlobalSection
EndGlobal
